
Microsoft Visual Studio Solution File, Format Version 12.00
# Visual Studio Version 17
VisualStudioVersion = 17.5.33627.172
MinimumVisualStudioVersion = 10.0.40219.1
Project("{FAE04EC0-301F-11D3-BF4B-00C04F79EFBC}") = "WebSeleniumDotNetCore", "WebSeleniumDotNetCore\WebSeleniumDotNetCore.csproj", "{1097DCDF-E086-49DC-B2B7-622FB769FC25}"
EndProject
Global
	GlobalSection(SolutionConfigurationPlatforms) = preSolution
		Debug|Any CPU = Debug|Any CPU
		Release|Any CPU = Release|Any CPU
	EndGlobalSection
	GlobalSection(ProjectConfigurationPlatforms) = postSolution
		{1097DCDF-E086-49DC-B2B7-622FB769FC25}.Debug|Any CPU.ActiveCfg = Debug|Any CPU
		{1097DCDF-E086-49DC-B2B7-622FB769FC25}.Debug|Any CPU.Build.0 = Debug|Any CPU
		{1097DCDF-E086-49DC-B2B7-622FB769FC25}.Release|Any CPU.ActiveCfg = Release|Any CPU
		{1097DCDF-E086-49DC-B2B7-622FB769FC25}.Release|Any CPU.Build.0 = Release|Any CPU
	EndGlobalSection
	GlobalSection(SolutionProperties) = preSolution
		HideSolutionNode = FALSE
	EndGlobalSection
	GlobalSection(ExtensibilityGlobals) = postSolution
		SolutionGuid = {B55FD98D-A1BC-42E5-B009-8D5B5411FA36}
	EndGlobalSection
EndGlobal
